
Microsoft Visual Studio Solution File, Format Version 12.00
# Visual Studio Version 17
VisualStudioVersion = 17.4.33205.214
MinimumVisualStudioVersion = 10.0.40219.1
Project("{FAE04EC0-301F-11D3-BF4B-00C04F79EFBC}") = "Trainer_project", "Trainer_project\Trainer_project.csproj", "{97507B6F-8F63-41AB-BDAE-435B214CF2F9}"
EndProject
Project("{FAE04EC0-301F-11D3-BF4B-00C04F79EFBC}") = "User", "User\User.csproj", "{90B1E84B-4D5C-4719-8AB9-881125D571FD}"
EndProject
Project("{FAE04EC0-301F-11D3-BF4B-00C04F79EFBC}") = "Data", "ClassLibrary1\Data.csproj", "{02D0B926-515A-46F4-AE0D-E3100136D492}"
EndProject
Global
	GlobalSection(SolutionConfigurationPlatforms) = preSolution
		Debug|Any CPU = Debug|Any CPU
		Release|Any CPU = Release|Any CPU
	EndGlobalSection
	GlobalSection(ProjectConfigurationPlatforms) = postSolution
		{97507B6F-8F63-41AB-BDAE-435B214CF2F9}.Debug|Any CPU.ActiveCfg = Debug|Any CPU
		{97507B6F-8F63-41AB-BDAE-435B214CF2F9}.Debug|Any CPU.Build.0 = Debug|Any CPU
		{97507B6F-8F63-41AB-BDAE-435B214CF2F9}.Release|Any CPU.ActiveCfg = Release|Any CPU
		{97507B6F-8F63-41AB-BDAE-435B214CF2F9}.Release|Any CPU.Build.0 = Release|Any CPU
		{90B1E84B-4D5C-4719-8AB9-881125D571FD}.Debug|Any CPU.ActiveCfg = Debug|Any CPU
		{90B1E84B-4D5C-4719-8AB9-881125D571FD}.Debug|Any CPU.Build.0 = Debug|Any CPU
		{90B1E84B-4D5C-4719-8AB9-881125D571FD}.Release|Any CPU.ActiveCfg = Release|Any CPU
		{90B1E84B-4D5C-4719-8AB9-881125D571FD}.Release|Any CPU.Build.0 = Release|Any CPU
		{02D0B926-515A-46F4-AE0D-E3100136D492}.Debug|Any CPU.ActiveCfg = Debug|Any CPU
		{02D0B926-515A-46F4-AE0D-E3100136D492}.Debug|Any CPU.Build.0 = Debug|Any CPU
		{02D0B926-515A-46F4-AE0D-E3100136D492}.Release|Any CPU.ActiveCfg = Release|Any CPU
		{02D0B926-515A-46F4-AE0D-E3100136D492}.Release|Any CPU.Build.0 = Release|Any CPU
	EndGlobalSection
	GlobalSection(SolutionProperties) = preSolution
		HideSolutionNode = FALSE
	EndGlobalSection
	GlobalSection(ExtensibilityGlobals) = postSolution
		SolutionGuid = {50E01A38-091B-4A9B-9E8D-5CDB28B90E7A}
	EndGlobalSection
EndGlobal
